
Microsoft Visual Studio Solution File, Format Version 12.00
# Visual Studio Version 17
VisualStudioVersion = 17.14.36518.9 d17.14
MinimumVisualStudioVersion = 10.0.40219.1
Project("{FAE04EC0-301F-11D3-BF4B-00C04F79EFBC}") = "ConsoleApp2", "ConsoleApp2\ConsoleApp2.csproj", "{1EA892D0-A8A5-4BE0-A1C1-2CA21B297123}"
EndProject
Project("{FAE04EC0-301F-11D3-BF4B-00C04F79EFBC}") = "ClassLibrary1", "ClassLibrary1\ClassLibrary1.csproj", "{6059C16B-4341-4E1C-8455-788C87169318}"
EndProject
Global
	GlobalSection(SolutionConfigurationPlatforms) = preSolution
		Debug|Any CPU = Debug|Any CPU
		Release|Any CPU = Release|Any CPU
	EndGlobalSection
	GlobalSection(ProjectConfigurationPlatforms) = postSolution
		{1EA892D0-A8A5-4BE0-A1C1-2CA21B297123}.Debug|Any CPU.ActiveCfg = Debug|Any CPU
		{1EA892D0-A8A5-4BE0-A1C1-2CA21B297123}.Debug|Any CPU.Build.0 = Debug|Any CPU
		{1EA892D0-A8A5-4BE0-A1C1-2CA21B297123}.Release|Any CPU.ActiveCfg = Release|Any CPU
		{1EA892D0-A8A5-4BE0-A1C1-2CA21B297123}.Release|Any CPU.Build.0 = Release|Any CPU
		{6059C16B-4341-4E1C-8455-788C87169318}.Debug|Any CPU.ActiveCfg = Debug|Any CPU
		{6059C16B-4341-4E1C-8455-788C87169318}.Debug|Any CPU.Build.0 = Debug|Any CPU
		{6059C16B-4341-4E1C-8455-788C87169318}.Release|Any CPU.ActiveCfg = Release|Any CPU
		{6059C16B-4341-4E1C-8455-788C87169318}.Release|Any CPU.Build.0 = Release|Any CPU
	EndGlobalSection
	GlobalSection(SolutionProperties) = preSolution
		HideSolutionNode = FALSE
	EndGlobalSection
	GlobalSection(ExtensibilityGlobals) = postSolution
		SolutionGuid = {1F6302F7-4E97-47B4-BF2A-57D15449345F}
	EndGlobalSection
EndGlobal
